
Microsoft Visual Studio Solution File, Format Version 12.00
# Visual Studio 14
VisualStudioVersion = 14.0.25420.1
MinimumVisualStudioVersion = 10.0.40219.1
Project("{FAE04EC0-301F-11D3-BF4B-00C04F79EFBC}") = "EntityFrameworkWebMethod", "EntityFrameworkWebMethod\EntityFrameworkWebMethod.csproj", "{3096FBA6-253E-4274-8A42-DB2491080314}"
EndProject
Project("{FAE04EC0-301F-11D3-BF4B-00C04F79EFBC}") = "MyApp.Models", "MyApp.Models\MyApp.Models.csproj", "{5F254A2A-2D3E-4D19-BD98-45176B08D4D4}"
EndProject
Project("{FAE04EC0-301F-11D3-BF4B-00C04F79EFBC}") = "DataAccessObject", "DataAccessObject\DataAccessObject.csproj", "{CC5704FA-A84C-4EBD-8EC7-0F58DBF05285}"
EndProject
Global
	GlobalSection(SolutionConfigurationPlatforms) = preSolution
		Debug|Any CPU = Debug|Any CPU
		Release|Any CPU = Release|Any CPU
	EndGlobalSection
	GlobalSection(ProjectConfigurationPlatforms) = postSolution
		{3096FBA6-253E-4274-8A42-DB2491080314}.Debug|Any CPU.ActiveCfg = Debug|Any CPU
		{3096FBA6-253E-4274-8A42-DB2491080314}.Debug|Any CPU.Build.0 = Debug|Any CPU
		{3096FBA6-253E-4274-8A42-DB2491080314}.Release|Any CPU.ActiveCfg = Release|Any CPU
		{3096FBA6-253E-4274-8A42-DB2491080314}.Release|Any CPU.Build.0 = Release|Any CPU
		{5F254A2A-2D3E-4D19-BD98-45176B08D4D4}.Debug|Any CPU.ActiveCfg = Debug|Any CPU
		{5F254A2A-2D3E-4D19-BD98-45176B08D4D4}.Debug|Any CPU.Build.0 = Debug|Any CPU
		{5F254A2A-2D3E-4D19-BD98-45176B08D4D4}.Release|Any CPU.ActiveCfg = Release|Any CPU
		{5F254A2A-2D3E-4D19-BD98-45176B08D4D4}.Release|Any CPU.Build.0 = Release|Any CPU
		{CC5704FA-A84C-4EBD-8EC7-0F58DBF05285}.Debug|Any CPU.ActiveCfg = Debug|Any CPU
		{CC5704FA-A84C-4EBD-8EC7-0F58DBF05285}.Debug|Any CPU.Build.0 = Debug|Any CPU
		{CC5704FA-A84C-4EBD-8EC7-0F58DBF05285}.Release|Any CPU.ActiveCfg = Release|Any CPU
		{CC5704FA-A84C-4EBD-8EC7-0F58DBF05285}.Release|Any CPU.Build.0 = Release|Any CPU
	EndGlobalSection
	GlobalSection(SolutionProperties) = preSolution
		HideSolutionNode = FALSE
	EndGlobalSection
EndGlobal
